// !$*UTF8*$!
{
	archiveVersion = 1;
	classes = {
	};
	objectVersion = 56;
	objects = {

/* Begin PBXBuildFile section */
		7E3D3AB42ACC979500363F2E /* TimerViewModel.swift in Sources */ = {isa = PBXBuildFile; fileRef = 7E3D3AB32ACC979500363F2E /* TimerViewModel.swift */; };
		7E3D3AB62ACC9D0000363F2E /* Observable.swift in Sources */ = {isa = PBXBuildFile; fileRef = 7E3D3AB52ACC9D0000363F2E /* Observable.swift */; };
		7E4626322AC1656300C45ED6 /* AppDelegate.swift in Sources */ = {isa = PBXBuildFile; fileRef = 7E4626312AC1656300C45ED6 /* AppDelegate.swift */; };
		7E4626342AC1656300C45ED6 /* SceneDelegate.swift in Sources */ = {isa = PBXBuildFile; fileRef = 7E4626332AC1656300C45ED6 /* SceneDelegate.swift */; };
		7E46263B2AC1656400C45ED6 /* Assets.xcassets in Resources */ = {isa = PBXBuildFile; fileRef = 7E46263A2AC1656400C45ED6 /* Assets.xcassets */; };
		7E46263E2AC1656400C45ED6 /* LaunchScreen.storyboard in Resources */ = {isa = PBXBuildFile; fileRef = 7E46263C2AC1656400C45ED6 /* LaunchScreen.storyboard */; };
		7E46264C2AC16C9D00C45ED6 /* SnapKit in Frameworks */ = {isa = PBXBuildFile; productRef = 7E46264B2AC16C9D00C45ED6 /* SnapKit */; };
		7E4626502AC1954A00C45ED6 /* BaseViewController.swift in Sources */ = {isa = PBXBuildFile; fileRef = 7E46264F2AC1954A00C45ED6 /* BaseViewController.swift */; };
		7E4626532AC1962E00C45ED6 /* TimerViewController.swift in Sources */ = {isa = PBXBuildFile; fileRef = 7E4626522AC1962E00C45ED6 /* TimerViewController.swift */; };
		7E4626572AC1988300C45ED6 /* UIFont+Extension.swift in Sources */ = {isa = PBXBuildFile; fileRef = 7E4626562AC1988300C45ED6 /* UIFont+Extension.swift */; };
		7E4626592AC19AFD00C45ED6 /* UIColor+Extension.swift in Sources */ = {isa = PBXBuildFile; fileRef = 7E4626582AC19AFD00C45ED6 /* UIColor+Extension.swift */; };
		7E46265B2AC19B3500C45ED6 /* Constants.swift in Sources */ = {isa = PBXBuildFile; fileRef = 7E46265A2AC19B3500C45ED6 /* Constants.swift */; };
		7E4626622AC40A0B00C45ED6 /* TimerView.swift in Sources */ = {isa = PBXBuildFile; fileRef = 7E4626612AC40A0B00C45ED6 /* TimerView.swift */; };
		7E4626642AC4108700C45ED6 /* FastPlanButton.swift in Sources */ = {isa = PBXBuildFile; fileRef = 7E4626632AC4108700C45ED6 /* FastPlanButton.swift */; };
		7E4626672AC4127B00C45ED6 /* States.swift in Sources */ = {isa = PBXBuildFile; fileRef = 7E4626662AC4127B00C45ED6 /* States.swift */; };
		7E4626692AC4207A00C45ED6 /* TimeToggleButton.swift in Sources */ = {isa = PBXBuildFile; fileRef = 7E4626682AC4207A00C45ED6 /* TimeToggleButton.swift */; };
		7E46266B2AC4426300C45ED6 /* Foundation+Extension.swift in Sources */ = {isa = PBXBuildFile; fileRef = 7E46266A2AC4426300C45ED6 /* Foundation+Extension.swift */; };
		7E46266D2AC481BB00C45ED6 /* Timer.swift in Sources */ = {isa = PBXBuildFile; fileRef = 7E46266C2AC481BB00C45ED6 /* Timer.swift */; };
/* End PBXBuildFile section */

/* Begin PBXFileReference section */
		7E3D3AB32ACC979500363F2E /* TimerViewModel.swift */ = {isa = PBXFileReference; lastKnownFileType = sourcecode.swift; path = TimerViewModel.swift; sourceTree = "<group>"; };
		7E3D3AB52ACC9D0000363F2E /* Observable.swift */ = {isa = PBXFileReference; lastKnownFileType = sourcecode.swift; path = Observable.swift; sourceTree = "<group>"; };
		7E46262E2AC1656300C45ED6 /* TimeToFast.app */ = {isa = PBXFileReference; explicitFileType = wrapper.application; includeInIndex = 0; path = TimeToFast.app; sourceTree = BUILT_PRODUCTS_DIR; };
		7E4626312AC1656300C45ED6 /* AppDelegate.swift */ = {isa = PBXFileReference; lastKnownFileType = sourcecode.swift; path = AppDelegate.swift; sourceTree = "<group>"; };
		7E4626332AC1656300C45ED6 /* SceneDelegate.swift */ = {isa = PBXFileReference; lastKnownFileType = sourcecode.swift; path = SceneDelegate.swift; sourceTree = "<group>"; };
		7E46263A2AC1656400C45ED6 /* Assets.xcassets */ = {isa = PBXFileReference; lastKnownFileType = folder.assetcatalog; path = Assets.xcassets; sourceTree = "<group>"; };
		7E46263D2AC1656400C45ED6 /* Base */ = {isa = PBXFileReference; lastKnownFileType = file.storyboard; name = Base; path = Base.lproj/LaunchScreen.storyboard; sourceTree = "<group>"; };
		7E46263F2AC1656400C45ED6 /* Info.plist */ = {isa = PBXFileReference; lastKnownFileType = text.plist.xml; path = Info.plist; sourceTree = "<group>"; };
		7E46264F2AC1954A00C45ED6 /* BaseViewController.swift */ = {isa = PBXFileReference; lastKnownFileType = sourcecode.swift; path = BaseViewController.swift; sourceTree = "<group>"; };
		7E4626522AC1962E00C45ED6 /* TimerViewController.swift */ = {isa = PBXFileReference; lastKnownFileType = sourcecode.swift; path = TimerViewController.swift; sourceTree = "<group>"; };
		7E4626562AC1988300C45ED6 /* UIFont+Extension.swift */ = {isa = PBXFileReference; lastKnownFileType = sourcecode.swift; path = "UIFont+Extension.swift"; sourceTree = "<group>"; };
		7E4626582AC19AFD00C45ED6 /* UIColor+Extension.swift */ = {isa = PBXFileReference; lastKnownFileType = sourcecode.swift; path = "UIColor+Extension.swift"; sourceTree = "<group>"; };
		7E46265A2AC19B3500C45ED6 /* Constants.swift */ = {isa = PBXFileReference; lastKnownFileType = sourcecode.swift; path = Constants.swift; sourceTree = "<group>"; };
		7E4626612AC40A0B00C45ED6 /* TimerView.swift */ = {isa = PBXFileReference; lastKnownFileType = sourcecode.swift; path = TimerView.swift; sourceTree = "<group>"; };
		7E4626632AC4108700C45ED6 /* FastPlanButton.swift */ = {isa = PBXFileReference; lastKnownFileType = sourcecode.swift; path = FastPlanButton.swift; sourceTree = "<group>"; };
		7E4626662AC4127B00C45ED6 /* States.swift */ = {isa = PBXFileReference; lastKnownFileType = sourcecode.swift; path = States.swift; sourceTree = "<group>"; };
		7E4626682AC4207A00C45ED6 /* TimeToggleButton.swift */ = {isa = PBXFileReference; lastKnownFileType = sourcecode.swift; path = TimeToggleButton.swift; sourceTree = "<group>"; };
		7E46266A2AC4426300C45ED6 /* Foundation+Extension.swift */ = {isa = PBXFileReference; lastKnownFileType = sourcecode.swift; path = "Foundation+Extension.swift"; sourceTree = "<group>"; };
		7E46266C2AC481BB00C45ED6 /* Timer.swift */ = {isa = PBXFileReference; lastKnownFileType = sourcecode.swift; path = Timer.swift; sourceTree = "<group>"; };
/* End PBXFileReference section */

/* Begin PBXFrameworksBuildPhase section */
		7E46262B2AC1656300C45ED6 /* Frameworks */ = {
			isa = PBXFrameworksBuildPhase;
			buildActionMask = 2147483647;
			files = (
				7E46264C2AC16C9D00C45ED6 /* SnapKit in Frameworks */,
			);
			runOnlyForDeploymentPostprocessing = 0;
		};
/* End PBXFrameworksBuildPhase section */

/* Begin PBXGroup section */
		7E4626252AC1656300C45ED6 = {
			isa = PBXGroup;
			children = (
				7E4626302AC1656300C45ED6 /* TimeToFast */,
				7E46262F2AC1656300C45ED6 /* Products */,
			);
			sourceTree = "<group>";
		};
		7E46262F2AC1656300C45ED6 /* Products */ = {
			isa = PBXGroup;
			children = (
				7E46262E2AC1656300C45ED6 /* TimeToFast.app */,
			);
			name = Products;
			sourceTree = "<group>";
		};
		7E4626302AC1656300C45ED6 /* TimeToFast */ = {
			isa = PBXGroup;
			children = (
				7E4626542AC1986E00C45ED6 /* Utility */,
				7E4626652AC4126600C45ED6 /* Model */,
				7E46264D2AC1953500C45ED6 /* View */,
				7E4626312AC1656300C45ED6 /* AppDelegate.swift */,
				7E4626332AC1656300C45ED6 /* SceneDelegate.swift */,
				7E46263A2AC1656400C45ED6 /* Assets.xcassets */,
				7E46263C2AC1656400C45ED6 /* LaunchScreen.storyboard */,
				7E46263F2AC1656400C45ED6 /* Info.plist */,
			);
			path = TimeToFast;
			sourceTree = "<group>";
		};
		7E46264D2AC1953500C45ED6 /* View */ = {
			isa = PBXGroup;
			children = (
				7E46265C2AC19D6800C45ED6 /* Component */,
				7E46264E2AC1953B00C45ED6 /* Base */,
				7E4626512AC1960F00C45ED6 /* Scene */,
			);
			path = View;
			sourceTree = "<group>";
		};
		7E46264E2AC1953B00C45ED6 /* Base */ = {
			isa = PBXGroup;
			children = (
				7E46264F2AC1954A00C45ED6 /* BaseViewController.swift */,
			);
			path = Base;
			sourceTree = "<group>";
		};
		7E4626512AC1960F00C45ED6 /* Scene */ = {
			isa = PBXGroup;
			children = (
				7E4626522AC1962E00C45ED6 /* TimerViewController.swift */,
				7E4626612AC40A0B00C45ED6 /* TimerView.swift */,
				7E3D3AB32ACC979500363F2E /* TimerViewModel.swift */,
			);
			path = Scene;
			sourceTree = "<group>";
		};
		7E4626542AC1986E00C45ED6 /* Utility */ = {
			isa = PBXGroup;
			children = (
				7E4626552AC1987400C45ED6 /* Extension */,
				7E46265A2AC19B3500C45ED6 /* Constants.swift */,
				7E3D3AB52ACC9D0000363F2E /* Observable.swift */,
			);
			path = Utility;
			sourceTree = "<group>";
		};
		7E4626552AC1987400C45ED6 /* Extension */ = {
			isa = PBXGroup;
			children = (
				7E4626562AC1988300C45ED6 /* UIFont+Extension.swift */,
				7E4626582AC19AFD00C45ED6 /* UIColor+Extension.swift */,
				7E46266A2AC4426300C45ED6 /* Foundation+Extension.swift */,
			);
			path = Extension;
			sourceTree = "<group>";
		};
		7E46265C2AC19D6800C45ED6 /* Component */ = {
			isa = PBXGroup;
			children = (
				7E4626632AC4108700C45ED6 /* FastPlanButton.swift */,
				7E4626682AC4207A00C45ED6 /* TimeToggleButton.swift */,
			);
			path = Component;
			sourceTree = "<group>";
		};
		7E4626652AC4126600C45ED6 /* Model */ = {
			isa = PBXGroup;
			children = (
				7E4626662AC4127B00C45ED6 /* States.swift */,
				7E46266C2AC481BB00C45ED6 /* Timer.swift */,
			);
			path = Model;
			sourceTree = "<group>";
		};
/* End PBXGroup section */

/* Begin PBXNativeTarget section */
		7E46262D2AC1656300C45ED6 /* TimeToFast */ = {
			isa = PBXNativeTarget;
			buildConfigurationList = 7E4626422AC1656400C45ED6 /* Build configuration list for PBXNativeTarget "TimeToFast" */;
			buildPhases = (
				7E46262A2AC1656300C45ED6 /* Sources */,
				7E46262B2AC1656300C45ED6 /* Frameworks */,
				7E46262C2AC1656300C45ED6 /* Resources */,
			);
			buildRules = (
			);
			dependencies = (
			);
			name = TimeToFast;
			packageProductDependencies = (
				7E46264B2AC16C9D00C45ED6 /* SnapKit */,
			);
			productName = TimeToFast;
			productReference = 7E46262E2AC1656300C45ED6 /* TimeToFast.app */;
			productType = "com.apple.product-type.application";
		};
/* End PBXNativeTarget section */

/* Begin PBXProject section */
		7E4626262AC1656300C45ED6 /* Project object */ = {
			isa = PBXProject;
			attributes = {
				BuildIndependentTargetsInParallel = 1;
				LastSwiftUpdateCheck = 1430;
				LastUpgradeCheck = 1430;
				TargetAttributes = {
					7E46262D2AC1656300C45ED6 = {
						CreatedOnToolsVersion = 14.3.1;
					};
				};
			};
			buildConfigurationList = 7E4626292AC1656300C45ED6 /* Build configuration list for PBXProject "TimeToFast" */;
			compatibilityVersion = "Xcode 14.0";
			developmentRegion = en;
			hasScannedForEncodings = 0;
			knownRegions = (
				en,
				Base,
			);
			mainGroup = 7E4626252AC1656300C45ED6;
			packageReferences = (
				7E46264A2AC16C9D00C45ED6 /* XCRemoteSwiftPackageReference "SnapKit" */,
			);
			productRefGroup = 7E46262F2AC1656300C45ED6 /* Products */;
			projectDirPath = "";
			projectRoot = "";
			targets = (
				7E46262D2AC1656300C45ED6 /* TimeToFast */,
			);
		};
/* End PBXProject section */

/* Begin PBXResourcesBuildPhase section */
		7E46262C2AC1656300C45ED6 /* Resources */ = {
			isa = PBXResourcesBuildPhase;
			buildActionMask = 2147483647;
			files = (
				7E46263E2AC1656400C45ED6 /* LaunchScreen.storyboard in Resources */,
				7E46263B2AC1656400C45ED6 /* Assets.xcassets in Resources */,
			);
			runOnlyForDeploymentPostprocessing = 0;
		};
/* End PBXResourcesBuildPhase section */

/* Begin PBXSourcesBuildPhase section */
		7E46262A2AC1656300C45ED6 /* Sources */ = {
			isa = PBXSourcesBuildPhase;
			buildActionMask = 2147483647;
			files = (
				7E3D3AB42ACC979500363F2E /* TimerViewModel.swift in Sources */,
				7E3D3AB62ACC9D0000363F2E /* Observable.swift in Sources */,
				7E4626622AC40A0B00C45ED6 /* TimerView.swift in Sources */,
				7E4626592AC19AFD00C45ED6 /* UIColor+Extension.swift in Sources */,
				7E4626572AC1988300C45ED6 /* UIFont+Extension.swift in Sources */,
				7E46266B2AC4426300C45ED6 /* Foundation+Extension.swift in Sources */,
				7E4626642AC4108700C45ED6 /* FastPlanButton.swift in Sources */,
				7E4626532AC1962E00C45ED6 /* TimerViewController.swift in Sources */,
				7E4626502AC1954A00C45ED6 /* BaseViewController.swift in Sources */,
				7E4626322AC1656300C45ED6 /* AppDelegate.swift in Sources */,
				7E46266D2AC481BB00C45ED6 /* Timer.swift in Sources */,
				7E4626342AC1656300C45ED6 /* SceneDelegate.swift in Sources */,
				7E4626672AC4127B00C45ED6 /* States.swift in Sources */,
				7E4626692AC4207A00C45ED6 /* TimeToggleButton.swift in Sources */,
				7E46265B2AC19B3500C45ED6 /* Constants.swift in Sources */,
			);
			runOnlyForDeploymentPostprocessing = 0;
		};
/* End PBXSourcesBuildPhase section */

/* Begin PBXVariantGroup section */
		7E46263C2AC1656400C45ED6 /* LaunchScreen.storyboard */ = {
			isa = PBXVariantGroup;
			children = (
				7E46263D2AC1656400C45ED6 /* Base */,
			);
			name = LaunchScreen.storyboard;
			sourceTree = "<group>";
		};
/* End PBXVariantGroup section */

/* Begin XCBuildConfiguration section */
		7E4626402AC1656400C45ED6 /* Debug */ = {
			isa = XCBuildConfiguration;
			buildSettings = {
				ALWAYS_SEARCH_USER_PATHS = NO;
				CLANG_ANALYZER_NONNULL = YES;
				CLANG_ANALYZER_NUMBER_OBJECT_CONVERSION = YES_AGGRESSIVE;
				CLANG_CXX_LANGUAGE_STANDARD = "gnu++20";
				CLANG_ENABLE_MODULES = YES;
				CLANG_ENABLE_OBJC_ARC = YES;
				CLANG_ENABLE_OBJC_WEAK = YES;
				CLANG_WARN_BLOCK_CAPTURE_AUTORELEASING = YES;
				CLANG_WARN_BOOL_CONVERSION = YES;
				CLANG_WARN_COMMA = YES;
				CLANG_WARN_CONSTANT_CONVERSION = YES;
				CLANG_WARN_DEPRECATED_OBJC_IMPLEMENTATIONS = YES;
				CLANG_WARN_DIRECT_OBJC_ISA_USAGE = YES_ERROR;
				CLANG_WARN_DOCUMENTATION_COMMENTS = YES;
				CLANG_WARN_EMPTY_BODY = YES;
				CLANG_WARN_ENUM_CONVERSION = YES;
				CLANG_WARN_INFINITE_RECURSION = YES;
				CLANG_WARN_INT_CONVERSION = YES;
				CLANG_WARN_NON_LITERAL_NULL_CONVERSION = YES;
				CLANG_WARN_OBJC_IMPLICIT_RETAIN_SELF = YES;
				CLANG_WARN_OBJC_LITERAL_CONVERSION = YES;
				CLANG_WARN_OBJC_ROOT_CLASS = YES_ERROR;
				CLANG_WARN_QUOTED_INCLUDE_IN_FRAMEWORK_HEADER = YES;
				CLANG_WARN_RANGE_LOOP_ANALYSIS = YES;
				CLANG_WARN_STRICT_PROTOTYPES = YES;
				CLANG_WARN_SUSPICIOUS_MOVE = YES;
				CLANG_WARN_UNGUARDED_AVAILABILITY = YES_AGGRESSIVE;
				CLANG_WARN_UNREACHABLE_CODE = YES;
				CLANG_WARN__DUPLICATE_METHOD_MATCH = YES;
				COPY_PHASE_STRIP = NO;
				DEBUG_INFORMATION_FORMAT = dwarf;
				ENABLE_STRICT_OBJC_MSGSEND = YES;
				ENABLE_TESTABILITY = YES;
				GCC_C_LANGUAGE_STANDARD = gnu11;
				GCC_DYNAMIC_NO_PIC = NO;
				GCC_NO_COMMON_BLOCKS = YES;
				GCC_OPTIMIZATION_LEVEL = 0;
				GCC_PREPROCESSOR_DEFINITIONS = (
					"DEBUG=1",
					"$(inherited)",
				);
				GCC_WARN_64_TO_32_BIT_CONVERSION = YES;
				GCC_WARN_ABOUT_RETURN_TYPE = YES_ERROR;
				GCC_WARN_UNDECLARED_SELECTOR = YES;
				GCC_WARN_UNINITIALIZED_AUTOS = YES_AGGRESSIVE;
				GCC_WARN_UNUSED_FUNCTION = YES;
				GCC_WARN_UNUSED_VARIABLE = YES;
				IPHONEOS_DEPLOYMENT_TARGET = 16.4;
				MTL_ENABLE_DEBUG_INFO = INCLUDE_SOURCE;
				MTL_FAST_MATH = YES;
				ONLY_ACTIVE_ARCH = YES;
				SDKROOT = iphoneos;
				SWIFT_ACTIVE_COMPILATION_CONDITIONS = DEBUG;
				SWIFT_OPTIMIZATION_LEVEL = "-Onone";
			};
			name = Debug;
		};
		7E4626412AC1656400C45ED6 /* Release */ = {
			isa = XCBuildConfiguration;
			buildSettings = {
				ALWAYS_SEARCH_USER_PATHS = NO;
				CLANG_ANALYZER_NONNULL = YES;
				CLANG_ANALYZER_NUMBER_OBJECT_CONVERSION = YES_AGGRESSIVE;
				CLANG_CXX_LANGUAGE_STANDARD = "gnu++20";
				CLANG_ENABLE_MODULES = YES;
				CLANG_ENABLE_OBJC_ARC = YES;
				CLANG_ENABLE_OBJC_WEAK = YES;
				CLANG_WARN_BLOCK_CAPTURE_AUTORELEASING = YES;
				CLANG_WARN_BOOL_CONVERSION = YES;
				CLANG_WARN_COMMA = YES;
				CLANG_WARN_CONSTANT_CONVERSION = YES;
				CLANG_WARN_DEPRECATED_OBJC_IMPLEMENTATIONS = YES;
				CLANG_WARN_DIRECT_OBJC_ISA_USAGE = YES_ERROR;
				CLANG_WARN_DOCUMENTATION_COMMENTS = YES;
				CLANG_WARN_EMPTY_BODY = YES;
				CLANG_WARN_ENUM_CONVERSION = YES;
				CLANG_WARN_INFINITE_RECURSION = YES;
				CLANG_WARN_INT_CONVERSION = YES;
				CLANG_WARN_NON_LITERAL_NULL_CONVERSION = YES;
				CLANG_WARN_OBJC_IMPLICIT_RETAIN_SELF = YES;
				CLANG_WARN_OBJC_LITERAL_CONVERSION = YES;
				CLANG_WARN_OBJC_ROOT_CLASS = YES_ERROR;
				CLANG_WARN_QUOTED_INCLUDE_IN_FRAMEWORK_HEADER = YES;
				CLANG_WARN_RANGE_LOOP_ANALYSIS = YES;
				CLANG_WARN_STRICT_PROTOTYPES = YES;
				CLANG_WARN_SUSPICIOUS_MOVE = YES;
				CLANG_WARN_UNGUARDED_AVAILABILITY = YES_AGGRESSIVE;
				CLANG_WARN_UNREACHABLE_CODE = YES;
				CLANG_WARN__DUPLICATE_METHOD_MATCH = YES;
				COPY_PHASE_STRIP = NO;
				DEBUG_INFORMATION_FORMAT = "dwarf-with-dsym";
				ENABLE_NS_ASSERTIONS = NO;
				ENABLE_STRICT_OBJC_MSGSEND = YES;
				GCC_C_LANGUAGE_STANDARD = gnu11;
				GCC_NO_COMMON_BLOCKS = YES;
				GCC_WARN_64_TO_32_BIT_CONVERSION = YES;
				GCC_WARN_ABOUT_RETURN_TYPE = YES_ERROR;
				GCC_WARN_UNDECLARED_SELECTOR = YES;
				GCC_WARN_UNINITIALIZED_AUTOS = YES_AGGRESSIVE;
				GCC_WARN_UNUSED_FUNCTION = YES;
				GCC_WARN_UNUSED_VARIABLE = YES;
				IPHONEOS_DEPLOYMENT_TARGET = 16.4;
				MTL_ENABLE_DEBUG_INFO = NO;
				MTL_FAST_MATH = YES;
				SDKROOT = iphoneos;
				SWIFT_COMPILATION_MODE = wholemodule;
				SWIFT_OPTIMIZATION_LEVEL = "-O";
				VALIDATE_PRODUCT = YES;
			};
			name = Release;
		};
		7E4626432AC1656400C45ED6 /* Debug */ = {
			isa = XCBuildConfiguration;
			buildSettings = {
				ASSETCATALOG_COMPILER_APPICON_NAME = AppIcon;
				ASSETCATALOG_COMPILER_GLOBAL_ACCENT_COLOR_NAME = AccentColor;
				CODE_SIGN_STYLE = Automatic;
				CURRENT_PROJECT_VERSION = 1;
				GENERATE_INFOPLIST_FILE = YES;
				INFOPLIST_FILE = TimeToFast/Info.plist;
				INFOPLIST_KEY_CFBundleDisplayName = "Time to Fast";
				INFOPLIST_KEY_UIApplicationSupportsIndirectInputEvents = YES;
				INFOPLIST_KEY_UILaunchStoryboardName = LaunchScreen;
				INFOPLIST_KEY_UISupportedInterfaceOrientations = UIInterfaceOrientationPortrait;
				INFOPLIST_KEY_UISupportedInterfaceOrientations_iPad = "UIInterfaceOrientationLandscapeLeft UIInterfaceOrientationLandscapeRight UIInterfaceOrientationPortrait UIInterfaceOrientationPortraitUpsideDown";
				IPHONEOS_DEPLOYMENT_TARGET = 16.0;
				LD_RUNPATH_SEARCH_PATHS = (
					"$(inherited)",
					"@executable_path/Frameworks",
				);
				MARKETING_VERSION = 1.0;
				PRODUCT_BUNDLE_IDENTIFIER = com.sesacRain.TimeToFast;
				PRODUCT_NAME = "$(TARGET_NAME)";
				SUPPORTED_PLATFORMS = "iphoneos iphonesimulator";
				SUPPORTS_MACCATALYST = NO;
				SUPPORTS_MAC_DESIGNED_FOR_IPHONE_IPAD = NO;
				SWIFT_EMIT_LOC_STRINGS = YES;
				SWIFT_VERSION = 5.0;
				TARGETED_DEVICE_FAMILY = 1;
			};
			name = Debug;
		};
		7E4626442AC1656400C45ED6 /* Release */ = {
			isa = XCBuildConfiguration;
			buildSettings = {
				ASSETCATALOG_COMPILER_APPICON_NAME = AppIcon;
				ASSETCATALOG_COMPILER_GLOBAL_ACCENT_COLOR_NAME = AccentColor;
				CODE_SIGN_STYLE = Automatic;
				CURRENT_PROJECT_VERSION = 1;
				GENERATE_INFOPLIST_FILE = YES;
				INFOPLIST_FILE = TimeToFast/Info.plist;
				INFOPLIST_KEY_CFBundleDisplayName = "Time to Fast";
				INFOPLIST_KEY_UIApplicationSupportsIndirectInputEvents = YES;
				INFOPLIST_KEY_UILaunchStoryboardName = LaunchScreen;
				INFOPLIST_KEY_UISupportedInterfaceOrientations = UIInterfaceOrientationPortrait;
				INFOPLIST_KEY_UISupportedInterfaceOrientations_iPad = "UIInterfaceOrientationLandscapeLeft UIInterfaceOrientationLandscapeRight UIInterfaceOrientationPortrait UIInterfaceOrientationPortraitUpsideDown";
				IPHONEOS_DEPLOYMENT_TARGET = 16.0;
				LD_RUNPATH_SEARCH_PATHS = (
					"$(inherited)",
					"@executable_path/Frameworks",
				);
				MARKETING_VERSION = 1.0;
				PRODUCT_BUNDLE_IDENTIFIER = com.sesacRain.TimeToFast;
				PRODUCT_NAME = "$(TARGET_NAME)";
				SUPPORTED_PLATFORMS = "iphoneos iphonesimulator";
				SUPPORTS_MACCATALYST = NO;
				SUPPORTS_MAC_DESIGNED_FOR_IPHONE_IPAD = NO;
				SWIFT_EMIT_LOC_STRINGS = YES;
				SWIFT_VERSION = 5.0;
				TARGETED_DEVICE_FAMILY = 1;
			};
			name = Release;
		};
/* End XCBuildConfiguration section */

/* Begin XCConfigurationList section */
		7E4626292AC1656300C45ED6 /* Build configuration list for PBXProject "TimeToFast" */ = {
			isa = XCConfigurationList;
			buildConfigurations = (
				7E4626402AC1656400C45ED6 /* Debug */,
				7E4626412AC1656400C45ED6 /* Release */,
			);
			defaultConfigurationIsVisible = 0;
			defaultConfigurationName = Release;
		};
		7E4626422AC1656400C45ED6 /* Build configuration list for PBXNativeTarget "TimeToFast" */ = {
			isa = XCConfigurationList;
			buildConfigurations = (
				7E4626432AC1656400C45ED6 /* Debug */,
				7E4626442AC1656400C45ED6 /* Release */,
			);
			defaultConfigurationIsVisible = 0;
			defaultConfigurationName = Release;
		};
/* End XCConfigurationList section */

/* Begin XCRemoteSwiftPackageReference section */
		7E46264A2AC16C9D00C45ED6 /* XCRemoteSwiftPackageReference "SnapKit" */ = {
			isa = XCRemoteSwiftPackageReference;
			repositoryURL = "https://github.com/SnapKit/SnapKit.git";
			requirement = {
				kind = upToNextMajorVersion;
				minimumVersion = 5.0.0;
			};
		};
/* End XCRemoteSwiftPackageReference section */

/* Begin XCSwiftPackageProductDependency section */
		7E46264B2AC16C9D00C45ED6 /* SnapKit */ = {
			isa = XCSwiftPackageProductDependency;
			package = 7E46264A2AC16C9D00C45ED6 /* XCRemoteSwiftPackageReference "SnapKit" */;
			productName = SnapKit;
		};
/* End XCSwiftPackageProductDependency section */
	};
	rootObject = 7E4626262AC1656300C45ED6 /* Project object */;
}
