// !$*UTF8*$!
{
	archiveVersion = 1;
	classes = {
	};
	objectVersion = 56;
	objects = {

/* Begin PBXBuildFile section */
		7E3D3AB42ACC979500363F2E /* TimerViewModel.swift in Sources */ = {isa = PBXBuildFile; fileRef = 7E3D3AB32ACC979500363F2E /* TimerViewModel.swift */; };
		7E3D3AB62ACC9D0000363F2E /* Observable.swift in Sources */ = {isa = PBXBuildFile; fileRef = 7E3D3AB52ACC9D0000363F2E /* Observable.swift */; };
		7E4626322AC1656300C45ED6 /* AppDelegate.swift in Sources */ = {isa = PBXBuildFile; fileRef = 7E4626312AC1656300C45ED6 /* AppDelegate.swift */; };
		7E4626342AC1656300C45ED6 /* SceneDelegate.swift in Sources */ = {isa = PBXBuildFile; fileRef = 7E4626332AC1656300C45ED6 /* SceneDelegate.swift */; };
		7E46263B2AC1656400C45ED6 /* Assets.xcassets in Resources */ = {isa = PBXBuildFile; fileRef = 7E46263A2AC1656400C45ED6 /* Assets.xcassets */; };
		7E46263E2AC1656400C45ED6 /* LaunchScreen.storyboard in Resources */ = {isa = PBXBuildFile; fileRef = 7E46263C2AC1656400C45ED6 /* LaunchScreen.storyboard */; };
		7E46264C2AC16C9D00C45ED6 /* SnapKit in Frameworks */ = {isa = PBXBuildFile; productRef = 7E46264B2AC16C9D00C45ED6 /* SnapKit */; };
		7E4626502AC1954A00C45ED6 /* BaseViewController.swift in Sources */ = {isa = PBXBuildFile; fileRef = 7E46264F2AC1954A00C45ED6 /* BaseViewController.swift */; };
		7E4626532AC1962E00C45ED6 /* TimerViewController.swift in Sources */ = {isa = PBXBuildFile; fileRef = 7E4626522AC1962E00C45ED6 /* TimerViewController.swift */; };
		7E4626572AC1988300C45ED6 /* UIFont+Extension.swift in Sources */ = {isa = PBXBuildFile; fileRef = 7E4626562AC1988300C45ED6 /* UIFont+Extension.swift */; };
		7E4626592AC19AFD00C45ED6 /* UIColor+Extension.swift in Sources */ = {isa = PBXBuildFile; fileRef = 7E4626582AC19AFD00C45ED6 /* UIColor+Extension.swift */; };
		7E46265B2AC19B3500C45ED6 /* Constants.swift in Sources */ = {isa = PBXBuildFile; fileRef = 7E46265A2AC19B3500C45ED6 /* Constants.swift */; };
		7E4626622AC40A0B00C45ED6 /* TimerView.swift in Sources */ = {isa = PBXBuildFile; fileRef = 7E4626612AC40A0B00C45ED6 /* TimerView.swift */; };
		7E4626642AC4108700C45ED6 /* FastPlanButton.swift in Sources */ = {isa = PBXBuildFile; fileRef = 7E4626632AC4108700C45ED6 /* FastPlanButton.swift */; };
		7E4626672AC4127B00C45ED6 /* FastState.swift in Sources */ = {isa = PBXBuildFile; fileRef = 7E4626662AC4127B00C45ED6 /* FastState.swift */; };
		7E4626692AC4207A00C45ED6 /* TimerControlButton.swift in Sources */ = {isa = PBXBuildFile; fileRef = 7E4626682AC4207A00C45ED6 /* TimerControlButton.swift */; };
		7E46266B2AC4426300C45ED6 /* Foundation+Extension.swift in Sources */ = {isa = PBXBuildFile; fileRef = 7E46266A2AC4426300C45ED6 /* Foundation+Extension.swift */; };
		7E46266D2AC481BB00C45ED6 /* TimerSetting.swift in Sources */ = {isa = PBXBuildFile; fileRef = 7E46266C2AC481BB00C45ED6 /* TimerSetting.swift */; };
		7E782E702AE2E52A003634C2 /* TimerStatus.swift in Sources */ = {isa = PBXBuildFile; fileRef = 7E782E6F2AE2E529003634C2 /* TimerStatus.swift */; };
		7E782E772AE46027003634C2 /* Localizable.strings in Resources */ = {isa = PBXBuildFile; fileRef = 7E782E792AE46027003634C2 /* Localizable.strings */; };
		7E782E7C2AE462BA003634C2 /* Localizing.swift in Sources */ = {isa = PBXBuildFile; fileRef = 7E782E7B2AE462BA003634C2 /* Localizing.swift */; };
		7E782E7F2AE5BBBD003634C2 /* FirebaseAnalyticsWithoutAdIdSupport in Frameworks */ = {isa = PBXBuildFile; productRef = 7E782E7E2AE5BBBD003634C2 /* FirebaseAnalyticsWithoutAdIdSupport */; };
		7E782E812AE5BBBD003634C2 /* FirebaseCrashlytics in Frameworks */ = {isa = PBXBuildFile; productRef = 7E782E802AE5BBBD003634C2 /* FirebaseCrashlytics */; };
		7E782E832AE5BBE3003634C2 /* .gitignore in Resources */ = {isa = PBXBuildFile; fileRef = 7E782E822AE5BBE3003634C2 /* .gitignore */; };
		7E9436482ADFF34B00BCF4EB /* CircularFastingHourView.swift in Sources */ = {isa = PBXBuildFile; fileRef = 7E9436472ADFF34B00BCF4EB /* CircularFastingHourView.swift */; };
		7EC3D4752ACDE0D100C102FF /* BackgroundGradientLayer.swift in Sources */ = {isa = PBXBuildFile; fileRef = 7EC3D4742ACDE0D100C102FF /* BackgroundGradientLayer.swift */; };
		7EC3D4772ACDF24F00C102FF /* CircularTimerView.swift in Sources */ = {isa = PBXBuildFile; fileRef = 7EC3D4762ACDF24F00C102FF /* CircularTimerView.swift */; };
		7EC3D4792ACDFB7A00C102FF /* Date+Extension.swift in Sources */ = {isa = PBXBuildFile; fileRef = 7EC3D4782ACDFB7A00C102FF /* Date+Extension.swift */; };
		7EC3D47B2ACE6E9600C102FF /* SetTimeView.swift in Sources */ = {isa = PBXBuildFile; fileRef = 7EC3D47A2ACE6E9600C102FF /* SetTimeView.swift */; };
		7EC3D47F2ACE8B1400C102FF /* EditStartedTimeViewController.swift in Sources */ = {isa = PBXBuildFile; fileRef = 7EC3D47E2ACE8B1400C102FF /* EditStartedTimeViewController.swift */; };
		7EC3D4812AD1C3BF00C102FF /* FastControlButton.swift in Sources */ = {isa = PBXBuildFile; fileRef = 7EC3D4802AD1C3BF00C102FF /* FastControlButton.swift */; };
		7EC3D4842AD2F9F100C102FF /* PlanViewController.swift in Sources */ = {isa = PBXBuildFile; fileRef = 7EC3D4832AD2F9F100C102FF /* PlanViewController.swift */; };
		7EC3D4862AD3073600C102FF /* PlanView.swift in Sources */ = {isa = PBXBuildFile; fileRef = 7EC3D4852AD3073600C102FF /* PlanView.swift */; };
		7EC3D4882AD3074A00C102FF /* BaseView.swift in Sources */ = {isa = PBXBuildFile; fileRef = 7EC3D4872AD3074A00C102FF /* BaseView.swift */; };
		7EC3D48A2AD30C5600C102FF /* WeeklyScheduleView.swift in Sources */ = {isa = PBXBuildFile; fileRef = 7EC3D4892AD30C5600C102FF /* WeeklyScheduleView.swift */; };
		7EC3D48C2AD3105000C102FF /* PlanHeaderView.swift in Sources */ = {isa = PBXBuildFile; fileRef = 7EC3D48B2AD3105000C102FF /* PlanHeaderView.swift */; };
		7EC3D48E2AD3115100C102FF /* EditPlanHeader.swift in Sources */ = {isa = PBXBuildFile; fileRef = 7EC3D48D2AD3115100C102FF /* EditPlanHeader.swift */; };
		7EC3D4902AD3196400C102FF /* BaseTableViewCell.swift in Sources */ = {isa = PBXBuildFile; fileRef = 7EC3D48F2AD3196400C102FF /* BaseTableViewCell.swift */; };
		7EC3D4922AD31B4F00C102FF /* CircularDayButton.swift in Sources */ = {isa = PBXBuildFile; fileRef = 7EC3D4912AD31B4F00C102FF /* CircularDayButton.swift */; };
		7EC3D4942AD31BFF00C102FF /* Days.swift in Sources */ = {isa = PBXBuildFile; fileRef = 7EC3D4932AD31BFF00C102FF /* Days.swift */; };
		7EC3D4962AD3BC9400C102FF /* FastingPlanView.swift in Sources */ = {isa = PBXBuildFile; fileRef = 7EC3D4952AD3BC9400C102FF /* FastingPlanView.swift */; };
		7EC3D4982AD3CA2000C102FF /* EatingPeriodView.swift in Sources */ = {isa = PBXBuildFile; fileRef = 7EC3D4972AD3CA2000C102FF /* EatingPeriodView.swift */; };
		7EC3D49B2AD3CC0B00C102FF /* EatingPeriodTimeView.swift in Sources */ = {isa = PBXBuildFile; fileRef = 7EC3D49A2AD3CC0B00C102FF /* EatingPeriodTimeView.swift */; };
		7EC3D49D2AD3D38E00C102FF /* PlanSetting.swift in Sources */ = {isa = PBXBuildFile; fileRef = 7EC3D49C2AD3D38E00C102FF /* PlanSetting.swift */; };
		7EC3D49F2AD3DD6300C102FF /* FastingPlan.swift in Sources */ = {isa = PBXBuildFile; fileRef = 7EC3D49E2AD3DD6300C102FF /* FastingPlan.swift */; };
		7EC3D4A12AD4023300C102FF /* PlanViewModel.swift in Sources */ = {isa = PBXBuildFile; fileRef = 7EC3D4A02AD4023300C102FF /* PlanViewModel.swift */; };
		7EC3D4A32AD40A5F00C102FF /* FastingPlanTableViewCell.swift in Sources */ = {isa = PBXBuildFile; fileRef = 7EC3D4A22AD40A5F00C102FF /* FastingPlanTableViewCell.swift */; };
		7EC3D4A62AD410EE00C102FF /* ChooseFastingPlanViewController.swift in Sources */ = {isa = PBXBuildFile; fileRef = 7EC3D4A52AD410EE00C102FF /* ChooseFastingPlanViewController.swift */; };
		7EC3D4A82AD42E8E00C102FF /* UserDefaultsManager.swift in Sources */ = {isa = PBXBuildFile; fileRef = 7EC3D4A72AD42E8E00C102FF /* UserDefaultsManager.swift */; };
		7EC3D4AE2AD4EC8100C102FF /* Protocol.swift in Sources */ = {isa = PBXBuildFile; fileRef = 7EC3D4AD2AD4EC8100C102FF /* Protocol.swift */; };
		7EC3D4B12AD51E9400C102FF /* SettingViewController.swift in Sources */ = {isa = PBXBuildFile; fileRef = 7EC3D4B02AD51E9400C102FF /* SettingViewController.swift */; };
		7EC3D4B42AD529D200C102FF /* SettingTableViewCell.swift in Sources */ = {isa = PBXBuildFile; fileRef = 7EC3D4B32AD529D200C102FF /* SettingTableViewCell.swift */; };
		7EC3D4B62AD52D3B00C102FF /* Setting.swift in Sources */ = {isa = PBXBuildFile; fileRef = 7EC3D4B52AD52D3B00C102FF /* Setting.swift */; };
		7EC3D4B82AD531FE00C102FF /* SettingViewModel.swift in Sources */ = {isa = PBXBuildFile; fileRef = 7EC3D4B72AD531FE00C102FF /* SettingViewModel.swift */; };
		7EC3D4BA2AD6FF6A00C102FF /* Notification.swift in Sources */ = {isa = PBXBuildFile; fileRef = 7EC3D4B92AD6FF6A00C102FF /* Notification.swift */; };
		7EC3D4BC2AD7082C00C102FF /* NotificationManager.swift in Sources */ = {isa = PBXBuildFile; fileRef = 7EC3D4BB2AD7082C00C102FF /* NotificationManager.swift */; };
		7EC3D4BF2AD723CA00C102FF /* Realm in Frameworks */ = {isa = PBXBuildFile; productRef = 7EC3D4BE2AD723CA00C102FF /* Realm */; };
		7EC3D4C12AD723CA00C102FF /* RealmSwift in Frameworks */ = {isa = PBXBuildFile; productRef = 7EC3D4C02AD723CA00C102FF /* RealmSwift */; };
		7EC3D4C42AD733D800C102FF /* FastingRecordTable.swift in Sources */ = {isa = PBXBuildFile; fileRef = 7EC3D4C32AD733D800C102FF /* FastingRecordTable.swift */; };
		7EC3D4C62AD77CC800C102FF /* RecordTimeCardView.swift in Sources */ = {isa = PBXBuildFile; fileRef = 7EC3D4C52AD77CC800C102FF /* RecordTimeCardView.swift */; };
		7EC3D4DB2AD7ADFF00C102FF /* TimeCardSaveButton.swift in Sources */ = {isa = PBXBuildFile; fileRef = 7EC3D4DA2AD7ADFF00C102FF /* TimeCardSaveButton.swift */; };
		7EC3D4DD2AD7CB1D00C102FF /* RecordCardTime.swift in Sources */ = {isa = PBXBuildFile; fileRef = 7EC3D4DC2AD7CB1D00C102FF /* RecordCardTime.swift */; };
		7EC3D4DF2ADA527200C102FF /* FastingRecordRepository.swift in Sources */ = {isa = PBXBuildFile; fileRef = 7EC3D4DE2ADA527200C102FF /* FastingRecordRepository.swift */; };
		7EC3D4E22ADC258900C102FF /* RecordViewController.swift in Sources */ = {isa = PBXBuildFile; fileRef = 7EC3D4E12ADC258900C102FF /* RecordViewController.swift */; };
		7EC3D4E42ADC25CA00C102FF /* RecordView.swift in Sources */ = {isa = PBXBuildFile; fileRef = 7EC3D4E32ADC25CA00C102FF /* RecordView.swift */; };
		7EC3D4E72ADC267000C102FF /* BackShadowView.swift in Sources */ = {isa = PBXBuildFile; fileRef = 7EC3D4E62ADC267000C102FF /* BackShadowView.swift */; };
		7EC3D4EA2ADC288A00C102FF /* PastRecordsView.swift in Sources */ = {isa = PBXBuildFile; fileRef = 7EC3D4E92ADC288A00C102FF /* PastRecordsView.swift */; };
		7EC3D4EC2ADC455900C102FF /* ThisWeekView.swift in Sources */ = {isa = PBXBuildFile; fileRef = 7EC3D4EB2ADC455900C102FF /* ThisWeekView.swift */; };
		7EC3D4EF2ADC52F200C102FF /* FSCalendar in Frameworks */ = {isa = PBXBuildFile; productRef = 7EC3D4EE2ADC52F200C102FF /* FSCalendar */; };
		7EC3D4F12ADD5BFE00C102FF /* RecordViewModel.swift in Sources */ = {isa = PBXBuildFile; fileRef = 7EC3D4F02ADD5BFE00C102FF /* RecordViewModel.swift */; };
		7EC3D4F32ADD67F300C102FF /* CalendarDate.swift in Sources */ = {isa = PBXBuildFile; fileRef = 7EC3D4F22ADD67F300C102FF /* CalendarDate.swift */; };
		7EC3D4F62ADDA74A00C102FF /* DGCharts in Frameworks */ = {isa = PBXBuildFile; productRef = 7EC3D4F52ADDA74A00C102FF /* DGCharts */; };
		7EC3D4F82ADE43B000C102FF /* ThisWeekData.swift in Sources */ = {isa = PBXBuildFile; fileRef = 7EC3D4F72ADE43B000C102FF /* ThisWeekData.swift */; };
		7EC3D4FA2ADE727F00C102FF /* DailyRecordCardView.swift in Sources */ = {isa = PBXBuildFile; fileRef = 7EC3D4F92ADE727F00C102FF /* DailyRecordCardView.swift */; };
/* End PBXBuildFile section */

/* Begin PBXFileReference section */
		7E3D3AB32ACC979500363F2E /* TimerViewModel.swift */ = {isa = PBXFileReference; lastKnownFileType = sourcecode.swift; path = TimerViewModel.swift; sourceTree = "<group>"; };
		7E3D3AB52ACC9D0000363F2E /* Observable.swift */ = {isa = PBXFileReference; lastKnownFileType = sourcecode.swift; path = Observable.swift; sourceTree = "<group>"; };
		7E46262E2AC1656300C45ED6 /* TimeToFast.app */ = {isa = PBXFileReference; explicitFileType = wrapper.application; includeInIndex = 0; path = TimeToFast.app; sourceTree = BUILT_PRODUCTS_DIR; };
		7E4626312AC1656300C45ED6 /* AppDelegate.swift */ = {isa = PBXFileReference; lastKnownFileType = sourcecode.swift; path = AppDelegate.swift; sourceTree = "<group>"; };
		7E4626332AC1656300C45ED6 /* SceneDelegate.swift */ = {isa = PBXFileReference; lastKnownFileType = sourcecode.swift; path = SceneDelegate.swift; sourceTree = "<group>"; };
		7E46263A2AC1656400C45ED6 /* Assets.xcassets */ = {isa = PBXFileReference; lastKnownFileType = folder.assetcatalog; path = Assets.xcassets; sourceTree = "<group>"; };
		7E46263D2AC1656400C45ED6 /* Base */ = {isa = PBXFileReference; lastKnownFileType = file.storyboard; name = Base; path = Base.lproj/LaunchScreen.storyboard; sourceTree = "<group>"; };
		7E46263F2AC1656400C45ED6 /* Info.plist */ = {isa = PBXFileReference; lastKnownFileType = text.plist.xml; path = Info.plist; sourceTree = "<group>"; };
		7E46264F2AC1954A00C45ED6 /* BaseViewController.swift */ = {isa = PBXFileReference; lastKnownFileType = sourcecode.swift; path = BaseViewController.swift; sourceTree = "<group>"; };
		7E4626522AC1962E00C45ED6 /* TimerViewController.swift */ = {isa = PBXFileReference; lastKnownFileType = sourcecode.swift; path = TimerViewController.swift; sourceTree = "<group>"; };
		7E4626562AC1988300C45ED6 /* UIFont+Extension.swift */ = {isa = PBXFileReference; lastKnownFileType = sourcecode.swift; path = "UIFont+Extension.swift"; sourceTree = "<group>"; };
		7E4626582AC19AFD00C45ED6 /* UIColor+Extension.swift */ = {isa = PBXFileReference; lastKnownFileType = sourcecode.swift; path = "UIColor+Extension.swift"; sourceTree = "<group>"; };
		7E46265A2AC19B3500C45ED6 /* Constants.swift */ = {isa = PBXFileReference; lastKnownFileType = sourcecode.swift; path = Constants.swift; sourceTree = "<group>"; };
		7E4626612AC40A0B00C45ED6 /* TimerView.swift */ = {isa = PBXFileReference; lastKnownFileType = sourcecode.swift; path = TimerView.swift; sourceTree = "<group>"; };
		7E4626632AC4108700C45ED6 /* FastPlanButton.swift */ = {isa = PBXFileReference; lastKnownFileType = sourcecode.swift; path = FastPlanButton.swift; sourceTree = "<group>"; };
		7E4626662AC4127B00C45ED6 /* FastState.swift */ = {isa = PBXFileReference; lastKnownFileType = sourcecode.swift; path = FastState.swift; sourceTree = "<group>"; };
		7E4626682AC4207A00C45ED6 /* TimerControlButton.swift */ = {isa = PBXFileReference; lastKnownFileType = sourcecode.swift; path = TimerControlButton.swift; sourceTree = "<group>"; };
		7E46266A2AC4426300C45ED6 /* Foundation+Extension.swift */ = {isa = PBXFileReference; lastKnownFileType = sourcecode.swift; path = "Foundation+Extension.swift"; sourceTree = "<group>"; };
		7E46266C2AC481BB00C45ED6 /* TimerSetting.swift */ = {isa = PBXFileReference; lastKnownFileType = sourcecode.swift; path = TimerSetting.swift; sourceTree = "<group>"; };
		7E782E6F2AE2E529003634C2 /* TimerStatus.swift */ = {isa = PBXFileReference; lastKnownFileType = sourcecode.swift; path = TimerStatus.swift; sourceTree = "<group>"; };
		7E782E782AE46027003634C2 /* en */ = {isa = PBXFileReference; lastKnownFileType = text.plist.strings; name = en; path = en.lproj/Localizable.strings; sourceTree = "<group>"; };
		7E782E7A2AE46094003634C2 /* ko */ = {isa = PBXFileReference; lastKnownFileType = text.plist.strings; name = ko; path = ko.lproj/Localizable.strings; sourceTree = "<group>"; };
		7E782E7B2AE462BA003634C2 /* Localizing.swift */ = {isa = PBXFileReference; lastKnownFileType = sourcecode.swift; path = Localizing.swift; sourceTree = "<group>"; };
		7E782E822AE5BBE3003634C2 /* .gitignore */ = {isa = PBXFileReference; lastKnownFileType = text; path = .gitignore; sourceTree = "<group>"; };
		7E9436472ADFF34B00BCF4EB /* CircularFastingHourView.swift */ = {isa = PBXFileReference; lastKnownFileType = sourcecode.swift; path = CircularFastingHourView.swift; sourceTree = "<group>"; };
		7EC3D4742ACDE0D100C102FF /* BackgroundGradientLayer.swift */ = {isa = PBXFileReference; lastKnownFileType = sourcecode.swift; path = BackgroundGradientLayer.swift; sourceTree = "<group>"; };
		7EC3D4762ACDF24F00C102FF /* CircularTimerView.swift */ = {isa = PBXFileReference; lastKnownFileType = sourcecode.swift; path = CircularTimerView.swift; sourceTree = "<group>"; };
		7EC3D4782ACDFB7A00C102FF /* Date+Extension.swift */ = {isa = PBXFileReference; lastKnownFileType = sourcecode.swift; path = "Date+Extension.swift"; sourceTree = "<group>"; };
		7EC3D47A2ACE6E9600C102FF /* SetTimeView.swift */ = {isa = PBXFileReference; lastKnownFileType = sourcecode.swift; path = SetTimeView.swift; sourceTree = "<group>"; };
		7EC3D47E2ACE8B1400C102FF /* EditStartedTimeViewController.swift */ = {isa = PBXFileReference; lastKnownFileType = sourcecode.swift; path = EditStartedTimeViewController.swift; sourceTree = "<group>"; };
		7EC3D4802AD1C3BF00C102FF /* FastControlButton.swift */ = {isa = PBXFileReference; lastKnownFileType = sourcecode.swift; path = FastControlButton.swift; sourceTree = "<group>"; };
		7EC3D4832AD2F9F100C102FF /* PlanViewController.swift */ = {isa = PBXFileReference; lastKnownFileType = sourcecode.swift; path = PlanViewController.swift; sourceTree = "<group>"; };
		7EC3D4852AD3073600C102FF /* PlanView.swift */ = {isa = PBXFileReference; lastKnownFileType = sourcecode.swift; path = PlanView.swift; sourceTree = "<group>"; };
		7EC3D4872AD3074A00C102FF /* BaseView.swift */ = {isa = PBXFileReference; lastKnownFileType = sourcecode.swift; path = BaseView.swift; sourceTree = "<group>"; };
		7EC3D4892AD30C5600C102FF /* WeeklyScheduleView.swift */ = {isa = PBXFileReference; lastKnownFileType = sourcecode.swift; path = WeeklyScheduleView.swift; sourceTree = "<group>"; };
		7EC3D48B2AD3105000C102FF /* PlanHeaderView.swift */ = {isa = PBXFileReference; lastKnownFileType = sourcecode.swift; path = PlanHeaderView.swift; sourceTree = "<group>"; };
		7EC3D48D2AD3115100C102FF /* EditPlanHeader.swift */ = {isa = PBXFileReference; lastKnownFileType = sourcecode.swift; path = EditPlanHeader.swift; sourceTree = "<group>"; };
		7EC3D48F2AD3196400C102FF /* BaseTableViewCell.swift */ = {isa = PBXFileReference; lastKnownFileType = sourcecode.swift; path = BaseTableViewCell.swift; sourceTree = "<group>"; };
		7EC3D4912AD31B4F00C102FF /* CircularDayButton.swift */ = {isa = PBXFileReference; lastKnownFileType = sourcecode.swift; path = CircularDayButton.swift; sourceTree = "<group>"; };
		7EC3D4932AD31BFF00C102FF /* Days.swift */ = {isa = PBXFileReference; lastKnownFileType = sourcecode.swift; path = Days.swift; sourceTree = "<group>"; };
		7EC3D4952AD3BC9400C102FF /* FastingPlanView.swift */ = {isa = PBXFileReference; lastKnownFileType = sourcecode.swift; path = FastingPlanView.swift; sourceTree = "<group>"; };
		7EC3D4972AD3CA2000C102FF /* EatingPeriodView.swift */ = {isa = PBXFileReference; lastKnownFileType = sourcecode.swift; path = EatingPeriodView.swift; sourceTree = "<group>"; };
		7EC3D49A2AD3CC0B00C102FF /* EatingPeriodTimeView.swift */ = {isa = PBXFileReference; lastKnownFileType = sourcecode.swift; path = EatingPeriodTimeView.swift; sourceTree = "<group>"; };
		7EC3D49C2AD3D38E00C102FF /* PlanSetting.swift */ = {isa = PBXFileReference; lastKnownFileType = sourcecode.swift; path = PlanSetting.swift; sourceTree = "<group>"; };
		7EC3D49E2AD3DD6300C102FF /* FastingPlan.swift */ = {isa = PBXFileReference; lastKnownFileType = sourcecode.swift; path = FastingPlan.swift; sourceTree = "<group>"; };
		7EC3D4A02AD4023300C102FF /* PlanViewModel.swift */ = {isa = PBXFileReference; lastKnownFileType = sourcecode.swift; path = PlanViewModel.swift; sourceTree = "<group>"; };
		7EC3D4A22AD40A5F00C102FF /* FastingPlanTableViewCell.swift */ = {isa = PBXFileReference; lastKnownFileType = sourcecode.swift; path = FastingPlanTableViewCell.swift; sourceTree = "<group>"; };
		7EC3D4A52AD410EE00C102FF /* ChooseFastingPlanViewController.swift */ = {isa = PBXFileReference; lastKnownFileType = sourcecode.swift; path = ChooseFastingPlanViewController.swift; sourceTree = "<group>"; };
		7EC3D4A72AD42E8E00C102FF /* UserDefaultsManager.swift */ = {isa = PBXFileReference; lastKnownFileType = sourcecode.swift; path = UserDefaultsManager.swift; sourceTree = "<group>"; };
		7EC3D4AD2AD4EC8100C102FF /* Protocol.swift */ = {isa = PBXFileReference; lastKnownFileType = sourcecode.swift; path = Protocol.swift; sourceTree = "<group>"; };
		7EC3D4B02AD51E9400C102FF /* SettingViewController.swift */ = {isa = PBXFileReference; lastKnownFileType = sourcecode.swift; path = SettingViewController.swift; sourceTree = "<group>"; };
		7EC3D4B32AD529D200C102FF /* SettingTableViewCell.swift */ = {isa = PBXFileReference; lastKnownFileType = sourcecode.swift; path = SettingTableViewCell.swift; sourceTree = "<group>"; };
		7EC3D4B52AD52D3B00C102FF /* Setting.swift */ = {isa = PBXFileReference; lastKnownFileType = sourcecode.swift; path = Setting.swift; sourceTree = "<group>"; };
		7EC3D4B72AD531FE00C102FF /* SettingViewModel.swift */ = {isa = PBXFileReference; lastKnownFileType = sourcecode.swift; path = SettingViewModel.swift; sourceTree = "<group>"; };
		7EC3D4B92AD6FF6A00C102FF /* Notification.swift */ = {isa = PBXFileReference; lastKnownFileType = sourcecode.swift; path = Notification.swift; sourceTree = "<group>"; };
		7EC3D4BB2AD7082C00C102FF /* NotificationManager.swift */ = {isa = PBXFileReference; lastKnownFileType = sourcecode.swift; path = NotificationManager.swift; sourceTree = "<group>"; };
		7EC3D4C32AD733D800C102FF /* FastingRecordTable.swift */ = {isa = PBXFileReference; lastKnownFileType = sourcecode.swift; path = FastingRecordTable.swift; sourceTree = "<group>"; };
		7EC3D4C52AD77CC800C102FF /* RecordTimeCardView.swift */ = {isa = PBXFileReference; lastKnownFileType = sourcecode.swift; path = RecordTimeCardView.swift; sourceTree = "<group>"; };
		7EC3D4DA2AD7ADFF00C102FF /* TimeCardSaveButton.swift */ = {isa = PBXFileReference; lastKnownFileType = sourcecode.swift; path = TimeCardSaveButton.swift; sourceTree = "<group>"; };
		7EC3D4DC2AD7CB1D00C102FF /* RecordCardTime.swift */ = {isa = PBXFileReference; lastKnownFileType = sourcecode.swift; path = RecordCardTime.swift; sourceTree = "<group>"; };
		7EC3D4DE2ADA527200C102FF /* FastingRecordRepository.swift */ = {isa = PBXFileReference; lastKnownFileType = sourcecode.swift; path = FastingRecordRepository.swift; sourceTree = "<group>"; };
		7EC3D4E12ADC258900C102FF /* RecordViewController.swift */ = {isa = PBXFileReference; lastKnownFileType = sourcecode.swift; path = RecordViewController.swift; sourceTree = "<group>"; };
		7EC3D4E32ADC25CA00C102FF /* RecordView.swift */ = {isa = PBXFileReference; lastKnownFileType = sourcecode.swift; path = RecordView.swift; sourceTree = "<group>"; };
		7EC3D4E62ADC267000C102FF /* BackShadowView.swift */ = {isa = PBXFileReference; lastKnownFileType = sourcecode.swift; path = BackShadowView.swift; sourceTree = "<group>"; };
		7EC3D4E92ADC288A00C102FF /* PastRecordsView.swift */ = {isa = PBXFileReference; lastKnownFileType = sourcecode.swift; path = PastRecordsView.swift; sourceTree = "<group>"; };
		7EC3D4EB2ADC455900C102FF /* ThisWeekView.swift */ = {isa = PBXFileReference; lastKnownFileType = sourcecode.swift; path = ThisWeekView.swift; sourceTree = "<group>"; };
		7EC3D4F02ADD5BFE00C102FF /* RecordViewModel.swift */ = {isa = PBXFileReference; lastKnownFileType = sourcecode.swift; path = RecordViewModel.swift; sourceTree = "<group>"; };
		7EC3D4F22ADD67F300C102FF /* CalendarDate.swift */ = {isa = PBXFileReference; lastKnownFileType = sourcecode.swift; path = CalendarDate.swift; sourceTree = "<group>"; };
		7EC3D4F72ADE43B000C102FF /* ThisWeekData.swift */ = {isa = PBXFileReference; lastKnownFileType = sourcecode.swift; path = ThisWeekData.swift; sourceTree = "<group>"; };
		7EC3D4F92ADE727F00C102FF /* DailyRecordCardView.swift */ = {isa = PBXFileReference; lastKnownFileType = sourcecode.swift; path = DailyRecordCardView.swift; sourceTree = "<group>"; };
/* End PBXFileReference section */

/* Begin PBXFrameworksBuildPhase section */
		7E46262B2AC1656300C45ED6 /* Frameworks */ = {
			isa = PBXFrameworksBuildPhase;
			buildActionMask = 2147483647;
			files = (
				7EC3D4C12AD723CA00C102FF /* RealmSwift in Frameworks */,
				7E782E7F2AE5BBBD003634C2 /* FirebaseAnalyticsWithoutAdIdSupport in Frameworks */,
				7EC3D4EF2ADC52F200C102FF /* FSCalendar in Frameworks */,
				7E782E812AE5BBBD003634C2 /* FirebaseCrashlytics in Frameworks */,
				7EC3D4F62ADDA74A00C102FF /* DGCharts in Frameworks */,
				7EC3D4BF2AD723CA00C102FF /* Realm in Frameworks */,
				7E46264C2AC16C9D00C45ED6 /* SnapKit in Frameworks */,
			);
			runOnlyForDeploymentPostprocessing = 0;
		};
/* End PBXFrameworksBuildPhase section */

/* Begin PBXGroup section */
		7E4626252AC1656300C45ED6 = {
			isa = PBXGroup;
			children = (
				7E4626302AC1656300C45ED6 /* TimeToFast */,
				7E46262F2AC1656300C45ED6 /* Products */,
			);
			sourceTree = "<group>";
		};
		7E46262F2AC1656300C45ED6 /* Products */ = {
			isa = PBXGroup;
			children = (
				7E46262E2AC1656300C45ED6 /* TimeToFast.app */,
			);
			name = Products;
			sourceTree = "<group>";
		};
		7E4626302AC1656300C45ED6 /* TimeToFast */ = {
			isa = PBXGroup;
			children = (
				7EC3D4C22AD733CC00C102FF /* Realm */,
				7E4626542AC1986E00C45ED6 /* Utility */,
				7E4626652AC4126600C45ED6 /* Model */,
				7E46264D2AC1953500C45ED6 /* View */,
				7E4626312AC1656300C45ED6 /* AppDelegate.swift */,
				7E4626332AC1656300C45ED6 /* SceneDelegate.swift */,
				7E46263A2AC1656400C45ED6 /* Assets.xcassets */,
				7E46263C2AC1656400C45ED6 /* LaunchScreen.storyboard */,
				7E46263F2AC1656400C45ED6 /* Info.plist */,
				7E782E792AE46027003634C2 /* Localizable.strings */,
				7E782E822AE5BBE3003634C2 /* .gitignore */,
			);
			path = TimeToFast;
			sourceTree = "<group>";
		};
		7E46264D2AC1953500C45ED6 /* View */ = {
			isa = PBXGroup;
			children = (
				7E46264E2AC1953B00C45ED6 /* Base */,
				7E4626512AC1960F00C45ED6 /* Scene */,
			);
			path = View;
			sourceTree = "<group>";
		};
		7E46264E2AC1953B00C45ED6 /* Base */ = {
			isa = PBXGroup;
			children = (
				7E46264F2AC1954A00C45ED6 /* BaseViewController.swift */,
				7EC3D4872AD3074A00C102FF /* BaseView.swift */,
				7EC3D48F2AD3196400C102FF /* BaseTableViewCell.swift */,
			);
			path = Base;
			sourceTree = "<group>";
		};
		7E4626512AC1960F00C45ED6 /* Scene */ = {
			isa = PBXGroup;
			children = (
				7EC3D47C2ACE8AE800C102FF /* Timer */,
				7EC3D47D2ACE8AEE00C102FF /* EditStartedTime */,
				7EC3D4822AD2F9DC00C102FF /* Plan */,
				7EC3D4E02ADC257700C102FF /* Record */,
				7EC3D4AF2AD51E4100C102FF /* Setting */,
			);
			path = Scene;
			sourceTree = "<group>";
		};
		7E4626542AC1986E00C45ED6 /* Utility */ = {
			isa = PBXGroup;
			children = (
				7EC3D4AC2AD4EC3400C102FF /* Protocol */,
				7E4626552AC1987400C45ED6 /* Extension */,
				7E46265A2AC19B3500C45ED6 /* Constants.swift */,
				7E3D3AB52ACC9D0000363F2E /* Observable.swift */,
				7EC3D4A72AD42E8E00C102FF /* UserDefaultsManager.swift */,
				7EC3D4BB2AD7082C00C102FF /* NotificationManager.swift */,
				7E782E7B2AE462BA003634C2 /* Localizing.swift */,
			);
			path = Utility;
			sourceTree = "<group>";
		};
		7E4626552AC1987400C45ED6 /* Extension */ = {
			isa = PBXGroup;
			children = (
				7E4626562AC1988300C45ED6 /* UIFont+Extension.swift */,
				7E4626582AC19AFD00C45ED6 /* UIColor+Extension.swift */,
				7E46266A2AC4426300C45ED6 /* Foundation+Extension.swift */,
				7EC3D4782ACDFB7A00C102FF /* Date+Extension.swift */,
			);
			path = Extension;
			sourceTree = "<group>";
		};
		7E46265C2AC19D6800C45ED6 /* Component */ = {
			isa = PBXGroup;
			children = (
				7E4626632AC4108700C45ED6 /* FastPlanButton.swift */,
				7E4626682AC4207A00C45ED6 /* TimerControlButton.swift */,
				7EC3D4742ACDE0D100C102FF /* BackgroundGradientLayer.swift */,
				7EC3D4762ACDF24F00C102FF /* CircularTimerView.swift */,
				7EC3D47A2ACE6E9600C102FF /* SetTimeView.swift */,
				7EC3D4802AD1C3BF00C102FF /* FastControlButton.swift */,
				7EC3D4C52AD77CC800C102FF /* RecordTimeCardView.swift */,
				7EC3D4DA2AD7ADFF00C102FF /* TimeCardSaveButton.swift */,
			);
			path = Component;
			sourceTree = "<group>";
		};
		7E4626652AC4126600C45ED6 /* Model */ = {
			isa = PBXGroup;
			children = (
				7E782E712AE2E54F003634C2 /* Timer */,
				7E782E742AE2E597003634C2 /* Plan */,
				7E782E732AE2E589003634C2 /* Record */,
				7E782E722AE2E56D003634C2 /* Setting */,
			);
			path = Model;
			sourceTree = "<group>";
		};
		7E782E712AE2E54F003634C2 /* Timer */ = {
			isa = PBXGroup;
			children = (
				7E782E6F2AE2E529003634C2 /* TimerStatus.swift */,
				7E4626662AC4127B00C45ED6 /* FastState.swift */,
				7E46266C2AC481BB00C45ED6 /* TimerSetting.swift */,
				7EC3D4DC2AD7CB1D00C102FF /* RecordCardTime.swift */,
			);
			path = Timer;
			sourceTree = "<group>";
		};
		7E782E722AE2E56D003634C2 /* Setting */ = {
			isa = PBXGroup;
			children = (
				7EC3D4B52AD52D3B00C102FF /* Setting.swift */,
				7EC3D4B92AD6FF6A00C102FF /* Notification.swift */,
			);
			path = Setting;
			sourceTree = "<group>";
		};
		7E782E732AE2E589003634C2 /* Record */ = {
			isa = PBXGroup;
			children = (
				7EC3D4F22ADD67F300C102FF /* CalendarDate.swift */,
				7EC3D4F72ADE43B000C102FF /* ThisWeekData.swift */,
				7EC3D4932AD31BFF00C102FF /* Days.swift */,
			);
			path = Record;
			sourceTree = "<group>";
		};
		7E782E742AE2E597003634C2 /* Plan */ = {
			isa = PBXGroup;
			children = (
				7EC3D49E2AD3DD6300C102FF /* FastingPlan.swift */,
				7EC3D49C2AD3D38E00C102FF /* PlanSetting.swift */,
				7EC3D48D2AD3115100C102FF /* EditPlanHeader.swift */,
			);
			path = Plan;
			sourceTree = "<group>";
		};
		7EC3D47C2ACE8AE800C102FF /* Timer */ = {
			isa = PBXGroup;
			children = (
				7E46265C2AC19D6800C45ED6 /* Component */,
				7E4626522AC1962E00C45ED6 /* TimerViewController.swift */,
				7E4626612AC40A0B00C45ED6 /* TimerView.swift */,
				7E3D3AB32ACC979500363F2E /* TimerViewModel.swift */,
			);
			path = Timer;
			sourceTree = "<group>";
		};
		7EC3D47D2ACE8AEE00C102FF /* EditStartedTime */ = {
			isa = PBXGroup;
			children = (
				7EC3D47E2ACE8B1400C102FF /* EditStartedTimeViewController.swift */,
			);
			path = EditStartedTime;
			sourceTree = "<group>";
		};
		7EC3D4822AD2F9DC00C102FF /* Plan */ = {
			isa = PBXGroup;
			children = (
				7EC3D4832AD2F9F100C102FF /* PlanViewController.swift */,
				7EC3D4852AD3073600C102FF /* PlanView.swift */,
				7EC3D4A02AD4023300C102FF /* PlanViewModel.swift */,
				7EC3D4A42AD410B700C102FF /* FastingPlan */,
				7EC3D4992AD3CBB600C102FF /* Component */,
			);
			path = Plan;
			sourceTree = "<group>";
		};
		7EC3D4992AD3CBB600C102FF /* Component */ = {
			isa = PBXGroup;
			children = (
				7EC3D48B2AD3105000C102FF /* PlanHeaderView.swift */,
				7EC3D4892AD30C5600C102FF /* WeeklyScheduleView.swift */,
				7EC3D4912AD31B4F00C102FF /* CircularDayButton.swift */,
				7EC3D4952AD3BC9400C102FF /* FastingPlanView.swift */,
				7EC3D4972AD3CA2000C102FF /* EatingPeriodView.swift */,
				7EC3D49A2AD3CC0B00C102FF /* EatingPeriodTimeView.swift */,
			);
			path = Component;
			sourceTree = "<group>";
		};
		7EC3D4A42AD410B700C102FF /* FastingPlan */ = {
			isa = PBXGroup;
			children = (
				7EC3D4A22AD40A5F00C102FF /* FastingPlanTableViewCell.swift */,
				7EC3D4A52AD410EE00C102FF /* ChooseFastingPlanViewController.swift */,
			);
			path = FastingPlan;
			sourceTree = "<group>";
		};
		7EC3D4AC2AD4EC3400C102FF /* Protocol */ = {
			isa = PBXGroup;
			children = (
				7EC3D4AD2AD4EC8100C102FF /* Protocol.swift */,
			);
			path = Protocol;
			sourceTree = "<group>";
		};
		7EC3D4AF2AD51E4100C102FF /* Setting */ = {
			isa = PBXGroup;
			children = (
				7EC3D4B22AD529A300C102FF /* New Group */,
				7EC3D4B02AD51E9400C102FF /* SettingViewController.swift */,
				7EC3D4B32AD529D200C102FF /* SettingTableViewCell.swift */,
				7EC3D4B72AD531FE00C102FF /* SettingViewModel.swift */,
			);
			path = Setting;
			sourceTree = "<group>";
		};
		7EC3D4B22AD529A300C102FF /* New Group */ = {
			isa = PBXGroup;
			children = (
			);
			path = "New Group";
			sourceTree = "<group>";
		};
		7EC3D4C22AD733CC00C102FF /* Realm */ = {
			isa = PBXGroup;
			children = (
				7EC3D4C32AD733D800C102FF /* FastingRecordTable.swift */,
				7EC3D4DE2ADA527200C102FF /* FastingRecordRepository.swift */,
			);
			path = Realm;
			sourceTree = "<group>";
		};
		7EC3D4E02ADC257700C102FF /* Record */ = {
			isa = PBXGroup;
			children = (
				7EC3D4E52ADC261B00C102FF /* Component */,
				7EC3D4E12ADC258900C102FF /* RecordViewController.swift */,
				7EC3D4E32ADC25CA00C102FF /* RecordView.swift */,
				7EC3D4F02ADD5BFE00C102FF /* RecordViewModel.swift */,
			);
			path = Record;
			sourceTree = "<group>";
		};
		7EC3D4E52ADC261B00C102FF /* Component */ = {
			isa = PBXGroup;
			children = (
				7EC3D4E62ADC267000C102FF /* BackShadowView.swift */,
				7EC3D4E92ADC288A00C102FF /* PastRecordsView.swift */,
				7EC3D4EB2ADC455900C102FF /* ThisWeekView.swift */,
				7EC3D4F92ADE727F00C102FF /* DailyRecordCardView.swift */,
				7E9436472ADFF34B00BCF4EB /* CircularFastingHourView.swift */,
			);
			path = Component;
			sourceTree = "<group>";
		};
/* End PBXGroup section */

/* Begin PBXNativeTarget section */
		7E46262D2AC1656300C45ED6 /* TimeToFast */ = {
			isa = PBXNativeTarget;
			buildConfigurationList = 7E4626422AC1656400C45ED6 /* Build configuration list for PBXNativeTarget "TimeToFast" */;
			buildPhases = (
				7E46262A2AC1656300C45ED6 /* Sources */,
				7E46262B2AC1656300C45ED6 /* Frameworks */,
				7E46262C2AC1656300C45ED6 /* Resources */,
			);
			buildRules = (
			);
			dependencies = (
			);
			name = TimeToFast;
			packageProductDependencies = (
				7E46264B2AC16C9D00C45ED6 /* SnapKit */,
				7EC3D4BE2AD723CA00C102FF /* Realm */,
				7EC3D4C02AD723CA00C102FF /* RealmSwift */,
				7EC3D4EE2ADC52F200C102FF /* FSCalendar */,
				7EC3D4F52ADDA74A00C102FF /* DGCharts */,
				7E782E7E2AE5BBBD003634C2 /* FirebaseAnalyticsWithoutAdIdSupport */,
				7E782E802AE5BBBD003634C2 /* FirebaseCrashlytics */,
			);
			productName = TimeToFast;
			productReference = 7E46262E2AC1656300C45ED6 /* TimeToFast.app */;
			productType = "com.apple.product-type.application";
		};
/* End PBXNativeTarget section */

/* Begin PBXProject section */
		7E4626262AC1656300C45ED6 /* Project object */ = {
			isa = PBXProject;
			attributes = {
				BuildIndependentTargetsInParallel = 1;
				LastSwiftUpdateCheck = 1430;
				LastUpgradeCheck = 1430;
				TargetAttributes = {
					7E46262D2AC1656300C45ED6 = {
						CreatedOnToolsVersion = 14.3.1;
					};
				};
			};
			buildConfigurationList = 7E4626292AC1656300C45ED6 /* Build configuration list for PBXProject "TimeToFast" */;
			compatibilityVersion = "Xcode 14.0";
			developmentRegion = en;
			hasScannedForEncodings = 0;
			knownRegions = (
				en,
				Base,
				ko,
			);
			mainGroup = 7E4626252AC1656300C45ED6;
			packageReferences = (
				7E46264A2AC16C9D00C45ED6 /* XCRemoteSwiftPackageReference "SnapKit" */,
				7EC3D4BD2AD723CA00C102FF /* XCRemoteSwiftPackageReference "realm-swift" */,
				7EC3D4ED2ADC52F200C102FF /* XCRemoteSwiftPackageReference "FSCalendar" */,
				7EC3D4F42ADDA74A00C102FF /* XCRemoteSwiftPackageReference "Charts" */,
				7E782E7D2AE5BBBD003634C2 /* XCRemoteSwiftPackageReference "firebase-ios-sdk" */,
			);
			productRefGroup = 7E46262F2AC1656300C45ED6 /* Products */;
			projectDirPath = "";
			projectRoot = "";
			targets = (
				7E46262D2AC1656300C45ED6 /* TimeToFast */,
			);
		};
/* End PBXProject section */

/* Begin PBXResourcesBuildPhase section */
		7E46262C2AC1656300C45ED6 /* Resources */ = {
			isa = PBXResourcesBuildPhase;
			buildActionMask = 2147483647;
			files = (
				7E782E832AE5BBE3003634C2 /* .gitignore in Resources */,
				7E46263E2AC1656400C45ED6 /* LaunchScreen.storyboard in Resources */,
				7E782E772AE46027003634C2 /* Localizable.strings in Resources */,
				7E46263B2AC1656400C45ED6 /* Assets.xcassets in Resources */,
			);
			runOnlyForDeploymentPostprocessing = 0;
		};
/* End PBXResourcesBuildPhase section */

/* Begin PBXSourcesBuildPhase section */
		7E46262A2AC1656300C45ED6 /* Sources */ = {
			isa = PBXSourcesBuildPhase;
			buildActionMask = 2147483647;
			files = (
				7EC3D4962AD3BC9400C102FF /* FastingPlanView.swift in Sources */,
				7E3D3AB42ACC979500363F2E /* TimerViewModel.swift in Sources */,
				7E3D3AB62ACC9D0000363F2E /* Observable.swift in Sources */,
				7EC3D4B42AD529D200C102FF /* SettingTableViewCell.swift in Sources */,
				7EC3D49D2AD3D38E00C102FF /* PlanSetting.swift in Sources */,
				7EC3D4E72ADC267000C102FF /* BackShadowView.swift in Sources */,
				7EC3D48A2AD30C5600C102FF /* WeeklyScheduleView.swift in Sources */,
				7EC3D4DB2AD7ADFF00C102FF /* TimeCardSaveButton.swift in Sources */,
				7E4626622AC40A0B00C45ED6 /* TimerView.swift in Sources */,
				7EC3D4A32AD40A5F00C102FF /* FastingPlanTableViewCell.swift in Sources */,
				7EC3D4DD2AD7CB1D00C102FF /* RecordCardTime.swift in Sources */,
				7EC3D4F12ADD5BFE00C102FF /* RecordViewModel.swift in Sources */,
				7EC3D4902AD3196400C102FF /* BaseTableViewCell.swift in Sources */,
				7EC3D4E42ADC25CA00C102FF /* RecordView.swift in Sources */,
				7E4626592AC19AFD00C45ED6 /* UIColor+Extension.swift in Sources */,
				7EC3D4982AD3CA2000C102FF /* EatingPeriodView.swift in Sources */,
				7EC3D4BA2AD6FF6A00C102FF /* Notification.swift in Sources */,
				7EC3D4B62AD52D3B00C102FF /* Setting.swift in Sources */,
				7E782E7C2AE462BA003634C2 /* Localizing.swift in Sources */,
				7E4626572AC1988300C45ED6 /* UIFont+Extension.swift in Sources */,
				7E9436482ADFF34B00BCF4EB /* CircularFastingHourView.swift in Sources */,
				7EC3D47F2ACE8B1400C102FF /* EditStartedTimeViewController.swift in Sources */,
				7EC3D4812AD1C3BF00C102FF /* FastControlButton.swift in Sources */,
				7EC3D4EC2ADC455900C102FF /* ThisWeekView.swift in Sources */,
				7EC3D4842AD2F9F100C102FF /* PlanViewController.swift in Sources */,
				7E46266B2AC4426300C45ED6 /* Foundation+Extension.swift in Sources */,
				7E4626642AC4108700C45ED6 /* FastPlanButton.swift in Sources */,
				7E4626532AC1962E00C45ED6 /* TimerViewController.swift in Sources */,
				7EC3D4B82AD531FE00C102FF /* SettingViewModel.swift in Sources */,
				7EC3D4E22ADC258900C102FF /* RecordViewController.swift in Sources */,
				7E4626502AC1954A00C45ED6 /* BaseViewController.swift in Sources */,
				7EC3D4BC2AD7082C00C102FF /* NotificationManager.swift in Sources */,
				7EC3D4C42AD733D800C102FF /* FastingRecordTable.swift in Sources */,
				7EC3D4A12AD4023300C102FF /* PlanViewModel.swift in Sources */,
				7EC3D4AE2AD4EC8100C102FF /* Protocol.swift in Sources */,
				7E4626322AC1656300C45ED6 /* AppDelegate.swift in Sources */,
				7E46266D2AC481BB00C45ED6 /* TimerSetting.swift in Sources */,
				7EC3D4942AD31BFF00C102FF /* Days.swift in Sources */,
				7EC3D4F82ADE43B000C102FF /* ThisWeekData.swift in Sources */,
				7EC3D4752ACDE0D100C102FF /* BackgroundGradientLayer.swift in Sources */,
				7EC3D49F2AD3DD6300C102FF /* FastingPlan.swift in Sources */,
				7EC3D4DF2ADA527200C102FF /* FastingRecordRepository.swift in Sources */,
				7E782E702AE2E52A003634C2 /* TimerStatus.swift in Sources */,
				7EC3D4F32ADD67F300C102FF /* CalendarDate.swift in Sources */,
				7EC3D4882AD3074A00C102FF /* BaseView.swift in Sources */,
				7EC3D49B2AD3CC0B00C102FF /* EatingPeriodTimeView.swift in Sources */,
				7EC3D4922AD31B4F00C102FF /* CircularDayButton.swift in Sources */,
				7E4626342AC1656300C45ED6 /* SceneDelegate.swift in Sources */,
				7EC3D4772ACDF24F00C102FF /* CircularTimerView.swift in Sources */,
				7EC3D4EA2ADC288A00C102FF /* PastRecordsView.swift in Sources */,
				7EC3D4A82AD42E8E00C102FF /* UserDefaultsManager.swift in Sources */,
				7E4626672AC4127B00C45ED6 /* FastState.swift in Sources */,
				7EC3D4C62AD77CC800C102FF /* RecordTimeCardView.swift in Sources */,
				7E4626692AC4207A00C45ED6 /* TimerControlButton.swift in Sources */,
				7EC3D4A62AD410EE00C102FF /* ChooseFastingPlanViewController.swift in Sources */,
				7E46265B2AC19B3500C45ED6 /* Constants.swift in Sources */,
				7EC3D4792ACDFB7A00C102FF /* Date+Extension.swift in Sources */,
				7EC3D48C2AD3105000C102FF /* PlanHeaderView.swift in Sources */,
				7EC3D4FA2ADE727F00C102FF /* DailyRecordCardView.swift in Sources */,
				7EC3D48E2AD3115100C102FF /* EditPlanHeader.swift in Sources */,
				7EC3D4B12AD51E9400C102FF /* SettingViewController.swift in Sources */,
				7EC3D4862AD3073600C102FF /* PlanView.swift in Sources */,
				7EC3D47B2ACE6E9600C102FF /* SetTimeView.swift in Sources */,
			);
			runOnlyForDeploymentPostprocessing = 0;
		};
/* End PBXSourcesBuildPhase section */

/* Begin PBXVariantGroup section */
		7E46263C2AC1656400C45ED6 /* LaunchScreen.storyboard */ = {
			isa = PBXVariantGroup;
			children = (
				7E46263D2AC1656400C45ED6 /* Base */,
			);
			name = LaunchScreen.storyboard;
			sourceTree = "<group>";
		};
		7E782E792AE46027003634C2 /* Localizable.strings */ = {
			isa = PBXVariantGroup;
			children = (
				7E782E782AE46027003634C2 /* en */,
				7E782E7A2AE46094003634C2 /* ko */,
			);
			name = Localizable.strings;
			sourceTree = "<group>";
		};
/* End PBXVariantGroup section */

/* Begin XCBuildConfiguration section */
		7E4626402AC1656400C45ED6 /* Debug */ = {
			isa = XCBuildConfiguration;
			buildSettings = {
				ALWAYS_SEARCH_USER_PATHS = NO;
				CLANG_ANALYZER_LOCALIZABILITY_NONLOCALIZED = YES;
				CLANG_ANALYZER_NONNULL = YES;
				CLANG_ANALYZER_NUMBER_OBJECT_CONVERSION = YES_AGGRESSIVE;
				CLANG_CXX_LANGUAGE_STANDARD = "gnu++20";
				CLANG_ENABLE_MODULES = YES;
				CLANG_ENABLE_OBJC_ARC = YES;
				CLANG_ENABLE_OBJC_WEAK = YES;
				CLANG_WARN_BLOCK_CAPTURE_AUTORELEASING = YES;
				CLANG_WARN_BOOL_CONVERSION = YES;
				CLANG_WARN_COMMA = YES;
				CLANG_WARN_CONSTANT_CONVERSION = YES;
				CLANG_WARN_DEPRECATED_OBJC_IMPLEMENTATIONS = YES;
				CLANG_WARN_DIRECT_OBJC_ISA_USAGE = YES_ERROR;
				CLANG_WARN_DOCUMENTATION_COMMENTS = YES;
				CLANG_WARN_EMPTY_BODY = YES;
				CLANG_WARN_ENUM_CONVERSION = YES;
				CLANG_WARN_INFINITE_RECURSION = YES;
				CLANG_WARN_INT_CONVERSION = YES;
				CLANG_WARN_NON_LITERAL_NULL_CONVERSION = YES;
				CLANG_WARN_OBJC_IMPLICIT_RETAIN_SELF = YES;
				CLANG_WARN_OBJC_LITERAL_CONVERSION = YES;
				CLANG_WARN_OBJC_ROOT_CLASS = YES_ERROR;
				CLANG_WARN_QUOTED_INCLUDE_IN_FRAMEWORK_HEADER = YES;
				CLANG_WARN_RANGE_LOOP_ANALYSIS = YES;
				CLANG_WARN_STRICT_PROTOTYPES = YES;
				CLANG_WARN_SUSPICIOUS_MOVE = YES;
				CLANG_WARN_UNGUARDED_AVAILABILITY = YES_AGGRESSIVE;
				CLANG_WARN_UNREACHABLE_CODE = YES;
				CLANG_WARN__DUPLICATE_METHOD_MATCH = YES;
				COPY_PHASE_STRIP = NO;
				DEBUG_INFORMATION_FORMAT = dwarf;
				ENABLE_STRICT_OBJC_MSGSEND = YES;
				ENABLE_TESTABILITY = YES;
				GCC_C_LANGUAGE_STANDARD = gnu11;
				GCC_DYNAMIC_NO_PIC = NO;
				GCC_NO_COMMON_BLOCKS = YES;
				GCC_OPTIMIZATION_LEVEL = 0;
				GCC_PREPROCESSOR_DEFINITIONS = (
					"DEBUG=1",
					"$(inherited)",
				);
				GCC_WARN_64_TO_32_BIT_CONVERSION = YES;
				GCC_WARN_ABOUT_RETURN_TYPE = YES_ERROR;
				GCC_WARN_UNDECLARED_SELECTOR = YES;
				GCC_WARN_UNINITIALIZED_AUTOS = YES_AGGRESSIVE;
				GCC_WARN_UNUSED_FUNCTION = YES;
				GCC_WARN_UNUSED_VARIABLE = YES;
				IPHONEOS_DEPLOYMENT_TARGET = 16.4;
				MTL_ENABLE_DEBUG_INFO = INCLUDE_SOURCE;
				MTL_FAST_MATH = YES;
				ONLY_ACTIVE_ARCH = YES;
				SDKROOT = iphoneos;
				SWIFT_ACTIVE_COMPILATION_CONDITIONS = DEBUG;
				SWIFT_OPTIMIZATION_LEVEL = "-Onone";
			};
			name = Debug;
		};
		7E4626412AC1656400C45ED6 /* Release */ = {
			isa = XCBuildConfiguration;
			buildSettings = {
				ALWAYS_SEARCH_USER_PATHS = NO;
				CLANG_ANALYZER_LOCALIZABILITY_NONLOCALIZED = YES;
				CLANG_ANALYZER_NONNULL = YES;
				CLANG_ANALYZER_NUMBER_OBJECT_CONVERSION = YES_AGGRESSIVE;
				CLANG_CXX_LANGUAGE_STANDARD = "gnu++20";
				CLANG_ENABLE_MODULES = YES;
				CLANG_ENABLE_OBJC_ARC = YES;
				CLANG_ENABLE_OBJC_WEAK = YES;
				CLANG_WARN_BLOCK_CAPTURE_AUTORELEASING = YES;
				CLANG_WARN_BOOL_CONVERSION = YES;
				CLANG_WARN_COMMA = YES;
				CLANG_WARN_CONSTANT_CONVERSION = YES;
				CLANG_WARN_DEPRECATED_OBJC_IMPLEMENTATIONS = YES;
				CLANG_WARN_DIRECT_OBJC_ISA_USAGE = YES_ERROR;
				CLANG_WARN_DOCUMENTATION_COMMENTS = YES;
				CLANG_WARN_EMPTY_BODY = YES;
				CLANG_WARN_ENUM_CONVERSION = YES;
				CLANG_WARN_INFINITE_RECURSION = YES;
				CLANG_WARN_INT_CONVERSION = YES;
				CLANG_WARN_NON_LITERAL_NULL_CONVERSION = YES;
				CLANG_WARN_OBJC_IMPLICIT_RETAIN_SELF = YES;
				CLANG_WARN_OBJC_LITERAL_CONVERSION = YES;
				CLANG_WARN_OBJC_ROOT_CLASS = YES_ERROR;
				CLANG_WARN_QUOTED_INCLUDE_IN_FRAMEWORK_HEADER = YES;
				CLANG_WARN_RANGE_LOOP_ANALYSIS = YES;
				CLANG_WARN_STRICT_PROTOTYPES = YES;
				CLANG_WARN_SUSPICIOUS_MOVE = YES;
				CLANG_WARN_UNGUARDED_AVAILABILITY = YES_AGGRESSIVE;
				CLANG_WARN_UNREACHABLE_CODE = YES;
				CLANG_WARN__DUPLICATE_METHOD_MATCH = YES;
				COPY_PHASE_STRIP = NO;
				DEBUG_INFORMATION_FORMAT = "dwarf-with-dsym";
				ENABLE_NS_ASSERTIONS = NO;
				ENABLE_STRICT_OBJC_MSGSEND = YES;
				GCC_C_LANGUAGE_STANDARD = gnu11;
				GCC_NO_COMMON_BLOCKS = YES;
				GCC_WARN_64_TO_32_BIT_CONVERSION = YES;
				GCC_WARN_ABOUT_RETURN_TYPE = YES_ERROR;
				GCC_WARN_UNDECLARED_SELECTOR = YES;
				GCC_WARN_UNINITIALIZED_AUTOS = YES_AGGRESSIVE;
				GCC_WARN_UNUSED_FUNCTION = YES;
				GCC_WARN_UNUSED_VARIABLE = YES;
				IPHONEOS_DEPLOYMENT_TARGET = 16.4;
				MTL_ENABLE_DEBUG_INFO = NO;
				MTL_FAST_MATH = YES;
				SDKROOT = iphoneos;
				SWIFT_COMPILATION_MODE = wholemodule;
				SWIFT_OPTIMIZATION_LEVEL = "-O";
				VALIDATE_PRODUCT = YES;
			};
			name = Release;
		};
		7E4626432AC1656400C45ED6 /* Debug */ = {
			isa = XCBuildConfiguration;
			buildSettings = {
				ASSETCATALOG_COMPILER_APPICON_NAME = AppIcon;
				ASSETCATALOG_COMPILER_GLOBAL_ACCENT_COLOR_NAME = AccentColor;
				CODE_SIGN_STYLE = Automatic;
				CURRENT_PROJECT_VERSION = 1;
				DEVELOPMENT_TEAM = 44Q9HUN6LA;
				GENERATE_INFOPLIST_FILE = YES;
				INFOPLIST_FILE = TimeToFast/Info.plist;
				INFOPLIST_KEY_CFBundleDisplayName = "Time to fast!";
				INFOPLIST_KEY_UIApplicationSupportsIndirectInputEvents = YES;
				INFOPLIST_KEY_UILaunchStoryboardName = LaunchScreen;
				INFOPLIST_KEY_UISupportedInterfaceOrientations = UIInterfaceOrientationPortrait;
				INFOPLIST_KEY_UISupportedInterfaceOrientations_iPad = "UIInterfaceOrientationLandscapeLeft UIInterfaceOrientationLandscapeRight UIInterfaceOrientationPortrait UIInterfaceOrientationPortraitUpsideDown";
				INFOPLIST_KEY_UIUserInterfaceStyle = Light;
				IPHONEOS_DEPLOYMENT_TARGET = 16.0;
				LD_RUNPATH_SEARCH_PATHS = (
					"$(inherited)",
					"@executable_path/Frameworks",
				);
				MARKETING_VERSION = 1.0.1;
				PRODUCT_BUNDLE_IDENTIFIER = com.devRain.TimeToFast;
				PRODUCT_NAME = "$(TARGET_NAME)";
				SUPPORTED_PLATFORMS = "iphoneos iphonesimulator";
				SUPPORTS_MACCATALYST = NO;
				SUPPORTS_MAC_DESIGNED_FOR_IPHONE_IPAD = NO;
				SWIFT_EMIT_LOC_STRINGS = YES;
				SWIFT_VERSION = 5.0;
				TARGETED_DEVICE_FAMILY = 1;
			};
			name = Debug;
		};
		7E4626442AC1656400C45ED6 /* Release */ = {
			isa = XCBuildConfiguration;
			buildSettings = {
				ASSETCATALOG_COMPILER_APPICON_NAME = AppIcon;
				ASSETCATALOG_COMPILER_GLOBAL_ACCENT_COLOR_NAME = AccentColor;
				CODE_SIGN_STYLE = Automatic;
				CURRENT_PROJECT_VERSION = 1;
				DEVELOPMENT_TEAM = 44Q9HUN6LA;
				GENERATE_INFOPLIST_FILE = YES;
				INFOPLIST_FILE = TimeToFast/Info.plist;
				INFOPLIST_KEY_CFBundleDisplayName = "Time to fast!";
				INFOPLIST_KEY_UIApplicationSupportsIndirectInputEvents = YES;
				INFOPLIST_KEY_UILaunchStoryboardName = LaunchScreen;
				INFOPLIST_KEY_UISupportedInterfaceOrientations = UIInterfaceOrientationPortrait;
				INFOPLIST_KEY_UISupportedInterfaceOrientations_iPad = "UIInterfaceOrientationLandscapeLeft UIInterfaceOrientationLandscapeRight UIInterfaceOrientationPortrait UIInterfaceOrientationPortraitUpsideDown";
				INFOPLIST_KEY_UIUserInterfaceStyle = Light;
				IPHONEOS_DEPLOYMENT_TARGET = 16.0;
				LD_RUNPATH_SEARCH_PATHS = (
					"$(inherited)",
					"@executable_path/Frameworks",
				);
				MARKETING_VERSION = 1.0.1;
				PRODUCT_BUNDLE_IDENTIFIER = com.devRain.TimeToFast;
				PRODUCT_NAME = "$(TARGET_NAME)";
				SUPPORTED_PLATFORMS = "iphoneos iphonesimulator";
				SUPPORTS_MACCATALYST = NO;
				SUPPORTS_MAC_DESIGNED_FOR_IPHONE_IPAD = NO;
				SWIFT_EMIT_LOC_STRINGS = YES;
				SWIFT_VERSION = 5.0;
				TARGETED_DEVICE_FAMILY = 1;
			};
			name = Release;
		};
/* End XCBuildConfiguration section */

/* Begin XCConfigurationList section */
		7E4626292AC1656300C45ED6 /* Build configuration list for PBXProject "TimeToFast" */ = {
			isa = XCConfigurationList;
			buildConfigurations = (
				7E4626402AC1656400C45ED6 /* Debug */,
				7E4626412AC1656400C45ED6 /* Release */,
			);
			defaultConfigurationIsVisible = 0;
			defaultConfigurationName = Release;
		};
		7E4626422AC1656400C45ED6 /* Build configuration list for PBXNativeTarget "TimeToFast" */ = {
			isa = XCConfigurationList;
			buildConfigurations = (
				7E4626432AC1656400C45ED6 /* Debug */,
				7E4626442AC1656400C45ED6 /* Release */,
			);
			defaultConfigurationIsVisible = 0;
			defaultConfigurationName = Release;
		};
/* End XCConfigurationList section */

/* Begin XCRemoteSwiftPackageReference section */
		7E46264A2AC16C9D00C45ED6 /* XCRemoteSwiftPackageReference "SnapKit" */ = {
			isa = XCRemoteSwiftPackageReference;
			repositoryURL = "https://github.com/SnapKit/SnapKit.git";
			requirement = {
				kind = upToNextMajorVersion;
				minimumVersion = 5.0.0;
			};
		};
		7E782E7D2AE5BBBD003634C2 /* XCRemoteSwiftPackageReference "firebase-ios-sdk" */ = {
			isa = XCRemoteSwiftPackageReference;
			repositoryURL = "https://github.com/firebase/firebase-ios-sdk";
			requirement = {
				kind = upToNextMinorVersion;
				minimumVersion = 10.16.0;
			};
		};
		7EC3D4BD2AD723CA00C102FF /* XCRemoteSwiftPackageReference "realm-swift" */ = {
			isa = XCRemoteSwiftPackageReference;
			repositoryURL = "https://github.com/realm/realm-swift";
			requirement = {
				kind = upToNextMajorVersion;
				minimumVersion = 10.43.0;
			};
		};
		7EC3D4ED2ADC52F200C102FF /* XCRemoteSwiftPackageReference "FSCalendar" */ = {
			isa = XCRemoteSwiftPackageReference;
			repositoryURL = "https://github.com/WenchaoD/FSCalendar";
			requirement = {
				kind = upToNextMajorVersion;
				minimumVersion = 2.8.3;
			};
		};
		7EC3D4F42ADDA74A00C102FF /* XCRemoteSwiftPackageReference "Charts" */ = {
			isa = XCRemoteSwiftPackageReference;
			repositoryURL = "https://github.com/danielgindi/Charts";
			requirement = {
				kind = upToNextMajorVersion;
				minimumVersion = 5.0.0;
			};
		};
/* End XCRemoteSwiftPackageReference section */

/* Begin XCSwiftPackageProductDependency section */
		7E46264B2AC16C9D00C45ED6 /* SnapKit */ = {
			isa = XCSwiftPackageProductDependency;
			package = 7E46264A2AC16C9D00C45ED6 /* XCRemoteSwiftPackageReference "SnapKit" */;
			productName = SnapKit;
		};
		7E782E7E2AE5BBBD003634C2 /* FirebaseAnalyticsWithoutAdIdSupport */ = {
			isa = XCSwiftPackageProductDependency;
			package = 7E782E7D2AE5BBBD003634C2 /* XCRemoteSwiftPackageReference "firebase-ios-sdk" */;
			productName = FirebaseAnalyticsWithoutAdIdSupport;
		};
		7E782E802AE5BBBD003634C2 /* FirebaseCrashlytics */ = {
			isa = XCSwiftPackageProductDependency;
			package = 7E782E7D2AE5BBBD003634C2 /* XCRemoteSwiftPackageReference "firebase-ios-sdk" */;
			productName = FirebaseCrashlytics;
		};
		7EC3D4BE2AD723CA00C102FF /* Realm */ = {
			isa = XCSwiftPackageProductDependency;
			package = 7EC3D4BD2AD723CA00C102FF /* XCRemoteSwiftPackageReference "realm-swift" */;
			productName = Realm;
		};
		7EC3D4C02AD723CA00C102FF /* RealmSwift */ = {
			isa = XCSwiftPackageProductDependency;
			package = 7EC3D4BD2AD723CA00C102FF /* XCRemoteSwiftPackageReference "realm-swift" */;
			productName = RealmSwift;
		};
		7EC3D4EE2ADC52F200C102FF /* FSCalendar */ = {
			isa = XCSwiftPackageProductDependency;
			package = 7EC3D4ED2ADC52F200C102FF /* XCRemoteSwiftPackageReference "FSCalendar" */;
			productName = FSCalendar;
		};
		7EC3D4F52ADDA74A00C102FF /* DGCharts */ = {
			isa = XCSwiftPackageProductDependency;
			package = 7EC3D4F42ADDA74A00C102FF /* XCRemoteSwiftPackageReference "Charts" */;
			productName = DGCharts;
		};
/* End XCSwiftPackageProductDependency section */
	};
	rootObject = 7E4626262AC1656300C45ED6 /* Project object */;
}
